// !$*UTF8*$!
{
	archiveVersion = 1;
	classes = {
	};
	objectVersion = 50;
	objects = {

/* Begin PBXBuildFile section */
		25BC176E20E36E1900289263 /* AppDelegate.swift in Sources */ = {isa = PBXBuildFile; fileRef = 25BC176D20E36E1900289263 /* AppDelegate.swift */; };
		25BC177020E36E1900289263 /* ViewController.swift in Sources */ = {isa = PBXBuildFile; fileRef = 25BC176F20E36E1900289263 /* ViewController.swift */; };
		25BC177320E36E1900289263 /* Main.storyboard in Resources */ = {isa = PBXBuildFile; fileRef = 25BC177120E36E1900289263 /* Main.storyboard */; };
		25BC177520E36E1B00289263 /* Assets.xcassets in Resources */ = {isa = PBXBuildFile; fileRef = 25BC177420E36E1B00289263 /* Assets.xcassets */; };
		25BC177820E36E1B00289263 /* LaunchScreen.storyboard in Resources */ = {isa = PBXBuildFile; fileRef = 25BC177620E36E1B00289263 /* LaunchScreen.storyboard */; };
		25BC178320E36E1C00289263 /* CITestTests.swift in Sources */ = {isa = PBXBuildFile; fileRef = 25BC178220E36E1C00289263 /* CITestTests.swift */; };
		25BC178E20E36E1C00289263 /* CITestUITests.swift in Sources */ = {isa = PBXBuildFile; fileRef = 25BC178D20E36E1C00289263 /* CITestUITests.swift */; };
/* End PBXBuildFile section */

/* Begin PBXContainerItemProxy section */
		25BC177F20E36E1C00289263 /* PBXContainerItemProxy */ = {
			isa = PBXContainerItemProxy;
			containerPortal = 25BC176220E36E1900289263 /* Project object */;
			proxyType = 1;
			remoteGlobalIDString = 25BC176920E36E1900289263;
			remoteInfo = CITest;
		};
		25BC178A20E36E1C00289263 /* PBXContainerItemProxy */ = {
			isa = PBXContainerItemProxy;
			containerPortal = 25BC176220E36E1900289263 /* Project object */;
			proxyType = 1;
			remoteGlobalIDString = 25BC176920E36E1900289263;
			remoteInfo = CITest;
		};
/* End PBXContainerItemProxy section */

/* Begin PBXFileReference section */
		25BC176A20E36E1900289263 /* CITest.app */ = {isa = PBXFileReference; explicitFileType = wrapper.application; includeInIndex = 0; path = CITest.app; sourceTree = BUILT_PRODUCTS_DIR; };
		25BC176D20E36E1900289263 /* AppDelegate.swift */ = {isa = PBXFileReference; lastKnownFileType = sourcecode.swift; path = AppDelegate.swift; sourceTree = "<group>"; };
		25BC176F20E36E1900289263 /* ViewController.swift */ = {isa = PBXFileReference; lastKnownFileType = sourcecode.swift; path = ViewController.swift; sourceTree = "<group>"; };
		25BC177220E36E1900289263 /* Base */ = {isa = PBXFileReference; lastKnownFileType = file.storyboard; name = Base; path = Base.lproj/Main.storyboard; sourceTree = "<group>"; };
		25BC177420E36E1B00289263 /* Assets.xcassets */ = {isa = PBXFileReference; lastKnownFileType = folder.assetcatalog; path = Assets.xcassets; sourceTree = "<group>"; };
		25BC177720E36E1B00289263 /* Base */ = {isa = PBXFileReference; lastKnownFileType = file.storyboard; name = Base; path = Base.lproj/LaunchScreen.storyboard; sourceTree = "<group>"; };
		25BC177920E36E1B00289263 /* Info.plist */ = {isa = PBXFileReference; lastKnownFileType = text.plist.xml; path = Info.plist; sourceTree = "<group>"; };
		25BC177E20E36E1C00289263 /* CITestTests.xctest */ = {isa = PBXFileReference; explicitFileType = wrapper.cfbundle; includeInIndex = 0; path = CITestTests.xctest; sourceTree = BUILT_PRODUCTS_DIR; };
		25BC178220E36E1C00289263 /* CITestTests.swift */ = {isa = PBXFileReference; lastKnownFileType = sourcecode.swift; path = CITestTests.swift; sourceTree = "<group>"; };
		25BC178420E36E1C00289263 /* Info.plist */ = {isa = PBXFileReference; lastKnownFileType = text.plist.xml; path = Info.plist; sourceTree = "<group>"; };
		25BC178920E36E1C00289263 /* CITestUITests.xctest */ = {isa = PBXFileReference; explicitFileType = wrapper.cfbundle; includeInIndex = 0; path = CITestUITests.xctest; sourceTree = BUILT_PRODUCTS_DIR; };
		25BC178D20E36E1C00289263 /* CITestUITests.swift */ = {isa = PBXFileReference; lastKnownFileType = sourcecode.swift; path = CITestUITests.swift; sourceTree = "<group>"; };
		25BC178F20E36E1C00289263 /* Info.plist */ = {isa = PBXFileReference; lastKnownFileType = text.plist.xml; path = Info.plist; sourceTree = "<group>"; };
/* End PBXFileReference section */

/* Begin PBXFrameworksBuildPhase section */
		25BC176720E36E1900289263 /* Frameworks */ = {
			isa = PBXFrameworksBuildPhase;
			buildActionMask = 2147483647;
			files = (
			);
			runOnlyForDeploymentPostprocessing = 0;
		};
		25BC177B20E36E1C00289263 /* Frameworks */ = {
			isa = PBXFrameworksBuildPhase;
			buildActionMask = 2147483647;
			files = (
			);
			runOnlyForDeploymentPostprocessing = 0;
		};
		25BC178620E36E1C00289263 /* Frameworks */ = {
			isa = PBXFrameworksBuildPhase;
			buildActionMask = 2147483647;
			files = (
			);
			runOnlyForDeploymentPostprocessing = 0;
		};
/* End PBXFrameworksBuildPhase section */

/* Begin PBXGroup section */
		25BC176120E36E1900289263 = {
			isa = PBXGroup;
			children = (
				25BC176C20E36E1900289263 /* CITest */,
				25BC178120E36E1C00289263 /* CITestTests */,
				25BC178C20E36E1C00289263 /* CITestUITests */,
				25BC176B20E36E1900289263 /* Products */,
			);
			sourceTree = "<group>";
		};
		25BC176B20E36E1900289263 /* Products */ = {
			isa = PBXGroup;
			children = (
				25BC176A20E36E1900289263 /* CITest.app */,
				25BC177E20E36E1C00289263 /* CITestTests.xctest */,
				25BC178920E36E1C00289263 /* CITestUITests.xctest */,
			);
			name = Products;
			sourceTree = "<group>";
		};
		25BC176C20E36E1900289263 /* CITest */ = {
			isa = PBXGroup;
			children = (
				25BC176D20E36E1900289263 /* AppDelegate.swift */,
				25BC176F20E36E1900289263 /* ViewController.swift */,
				25BC177120E36E1900289263 /* Main.storyboard */,
				25BC177420E36E1B00289263 /* Assets.xcassets */,
				25BC177620E36E1B00289263 /* LaunchScreen.storyboard */,
				25BC177920E36E1B00289263 /* Info.plist */,
			);
			path = CITest;
			sourceTree = "<group>";
		};
		25BC178120E36E1C00289263 /* CITestTests */ = {
			isa = PBXGroup;
			children = (
				25BC178220E36E1C00289263 /* CITestTests.swift */,
				25BC178420E36E1C00289263 /* Info.plist */,
			);
			path = CITestTests;
			sourceTree = "<group>";
		};
		25BC178C20E36E1C00289263 /* CITestUITests */ = {
			isa = PBXGroup;
			children = (
				25BC178D20E36E1C00289263 /* CITestUITests.swift */,
				25BC178F20E36E1C00289263 /* Info.plist */,
			);
			path = CITestUITests;
			sourceTree = "<group>";
		};
/* End PBXGroup section */

/* Begin PBXNativeTarget section */
		25BC176920E36E1900289263 /* CITest */ = {
			isa = PBXNativeTarget;
			buildConfigurationList = 25BC179220E36E1C00289263 /* Build configuration list for PBXNativeTarget "CITest" */;
			buildPhases = (
				25BC176620E36E1900289263 /* Sources */,
				25BC176720E36E1900289263 /* Frameworks */,
				25BC176820E36E1900289263 /* Resources */,
			);
			buildRules = (
			);
			dependencies = (
			);
			name = CITest;
			productName = CITest;
			productReference = 25BC176A20E36E1900289263 /* CITest.app */;
			productType = "com.apple.product-type.application";
		};
		25BC177D20E36E1C00289263 /* CITestTests */ = {
			isa = PBXNativeTarget;
			buildConfigurationList = 25BC179520E36E1C00289263 /* Build configuration list for PBXNativeTarget "CITestTests" */;
			buildPhases = (
				25BC177A20E36E1C00289263 /* Sources */,
				25BC177B20E36E1C00289263 /* Frameworks */,
				25BC177C20E36E1C00289263 /* Resources */,
			);
			buildRules = (
			);
			dependencies = (
				25BC178020E36E1C00289263 /* PBXTargetDependency */,
			);
			name = CITestTests;
			productName = CITestTests;
			productReference = 25BC177E20E36E1C00289263 /* CITestTests.xctest */;
			productType = "com.apple.product-type.bundle.unit-test";
		};
		25BC178820E36E1C00289263 /* CITestUITests */ = {
			isa = PBXNativeTarget;
			buildConfigurationList = 25BC179820E36E1C00289263 /* Build configuration list for PBXNativeTarget "CITestUITests" */;
			buildPhases = (
				25BC178520E36E1C00289263 /* Sources */,
				25BC178620E36E1C00289263 /* Frameworks */,
				25BC178720E36E1C00289263 /* Resources */,
			);
			buildRules = (
			);
			dependencies = (
				25BC178B20E36E1C00289263 /* PBXTargetDependency */,
			);
			name = CITestUITests;
			productName = CITestUITests;
			productReference = 25BC178920E36E1C00289263 /* CITestUITests.xctest */;
			productType = "com.apple.product-type.bundle.ui-testing";
		};
/* End PBXNativeTarget section */

/* Begin PBXProject section */
		25BC176220E36E1900289263 /* Project object */ = {
			isa = PBXProject;
			attributes = {
				LastSwiftUpdateCheck = 0930;
				LastUpgradeCheck = 0930;
				ORGANIZATIONNAME = cyj;
				TargetAttributes = {
					25BC176920E36E1900289263 = {
						CreatedOnToolsVersion = 9.3;
					};
					25BC177D20E36E1C00289263 = {
						CreatedOnToolsVersion = 9.3;
						TestTargetID = 25BC176920E36E1900289263;
					};
					25BC178820E36E1C00289263 = {
						CreatedOnToolsVersion = 9.3;
						TestTargetID = 25BC176920E36E1900289263;
					};
				};
			};
			buildConfigurationList = 25BC176520E36E1900289263 /* Build configuration list for PBXProject "CITest" */;
			compatibilityVersion = "Xcode 9.3";
			developmentRegion = en;
			hasScannedForEncodings = 0;
			knownRegions = (
				en,
				Base,
			);
			mainGroup = 25BC176120E36E1900289263;
			productRefGroup = 25BC176B20E36E1900289263 /* Products */;
			projectDirPath = "";
			projectRoot = "";
			targets = (
				25BC176920E36E1900289263 /* CITest */,
				25BC177D20E36E1C00289263 /* CITestTests */,
				25BC178820E36E1C00289263 /* CITestUITests */,
			);
		};
/* End PBXProject section */

/* Begin PBXResourcesBuildPhase section */
		25BC176820E36E1900289263 /* Resources */ = {
			isa = PBXResourcesBuildPhase;
			buildActionMask = 2147483647;
			files = (
				25BC177820E36E1B00289263 /* LaunchScreen.storyboard in Resources */,
				25BC177520E36E1B00289263 /* Assets.xcassets in Resources */,
				25BC177320E36E1900289263 /* Main.storyboard in Resources */,
			);
			runOnlyForDeploymentPostprocessing = 0;
		};
		25BC177C20E36E1C00289263 /* Resources */ = {
			isa = PBXResourcesBuildPhase;
			buildActionMask = 2147483647;
			files = (
			);
			runOnlyForDeploymentPostprocessing = 0;
		};
		25BC178720E36E1C00289263 /* Resources */ = {
			isa = PBXResourcesBuildPhase;
			buildActionMask = 2147483647;
			files = (
			);
			runOnlyForDeploymentPostprocessing = 0;
		};
/* End PBXResourcesBuildPhase section */

/* Begin PBXSourcesBuildPhase section */
		25BC176620E36E1900289263 /* Sources */ = {
			isa = PBXSourcesBuildPhase;
			buildActionMask = 2147483647;
			files = (
				25BC177020E36E1900289263 /* ViewController.swift in Sources */,
				25BC176E20E36E1900289263 /* AppDelegate.swift in Sources */,
			);
			runOnlyForDeploymentPostprocessing = 0;
		};
		25BC177A20E36E1C00289263 /* Sources */ = {
			isa = PBXSourcesBuildPhase;
			buildActionMask = 2147483647;
			files = (
				25BC178320E36E1C00289263 /* CITestTests.swift in Sources */,
			);
			runOnlyForDeploymentPostprocessing = 0;
		};
		25BC178520E36E1C00289263 /* Sources */ = {
			isa = PBXSourcesBuildPhase;
			buildActionMask = 2147483647;
			files = (
				25BC178E20E36E1C00289263 /* CITestUITests.swift in Sources */,
			);
			runOnlyForDeploymentPostprocessing = 0;
		};
/* End PBXSourcesBuildPhase section */

/* Begin PBXTargetDependency section */
		25BC178020E36E1C00289263 /* PBXTargetDependency */ = {
			isa = PBXTargetDependency;
			target = 25BC176920E36E1900289263 /* CITest */;
			targetProxy = 25BC177F20E36E1C00289263 /* PBXContainerItemProxy */;
		};
		25BC178B20E36E1C00289263 /* PBXTargetDependency */ = {
			isa = PBXTargetDependency;
			target = 25BC176920E36E1900289263 /* CITest */;
			targetProxy = 25BC178A20E36E1C00289263 /* PBXContainerItemProxy */;
		};
/* End PBXTargetDependency section */

/* Begin PBXVariantGroup section */
		25BC177120E36E1900289263 /* Main.storyboard */ = {
			isa = PBXVariantGroup;
			children = (
				25BC177220E36E1900289263 /* Base */,
			);
			name = Main.storyboard;
			sourceTree = "<group>";
		};
		25BC177620E36E1B00289263 /* LaunchScreen.storyboard */ = {
			isa = PBXVariantGroup;
			children = (
				25BC177720E36E1B00289263 /* Base */,
			);
			name = LaunchScreen.storyboard;
			sourceTree = "<group>";
		};
/* End PBXVariantGroup section */

/* Begin XCBuildConfiguration section */
		25BC179020E36E1C00289263 /* Debug */ = {
			isa = XCBuildConfiguration;
			buildSettings = {
				ALWAYS_SEARCH_USER_PATHS = NO;
				CLANG_ANALYZER_NONNULL = YES;
				CLANG_ANALYZER_NUMBER_OBJECT_CONVERSION = YES_AGGRESSIVE;
				CLANG_CXX_LANGUAGE_STANDARD = "gnu++14";
				CLANG_CXX_LIBRARY = "libc++";
				CLANG_ENABLE_MODULES = YES;
				CLANG_ENABLE_OBJC_ARC = YES;
				CLANG_ENABLE_OBJC_WEAK = YES;
				CLANG_WARN_BLOCK_CAPTURE_AUTORELEASING = YES;
				CLANG_WARN_BOOL_CONVERSION = YES;
				CLANG_WARN_COMMA = YES;
				CLANG_WARN_CONSTANT_CONVERSION = YES;
				CLANG_WARN_DEPRECATED_OBJC_IMPLEMENTATIONS = YES;
				CLANG_WARN_DIRECT_OBJC_ISA_USAGE = YES_ERROR;
				CLANG_WARN_DOCUMENTATION_COMMENTS = YES;
				CLANG_WARN_EMPTY_BODY = YES;
				CLANG_WARN_ENUM_CONVERSION = YES;
				CLANG_WARN_INFINITE_RECURSION = YES;
				CLANG_WARN_INT_CONVERSION = YES;
				CLANG_WARN_NON_LITERAL_NULL_CONVERSION = YES;
				CLANG_WARN_OBJC_IMPLICIT_RETAIN_SELF = YES;
				CLANG_WARN_OBJC_LITERAL_CONVERSION = YES;
				CLANG_WARN_OBJC_ROOT_CLASS = YES_ERROR;
				CLANG_WARN_RANGE_LOOP_ANALYSIS = YES;
				CLANG_WARN_STRICT_PROTOTYPES = YES;
				CLANG_WARN_SUSPICIOUS_MOVE = YES;
				CLANG_WARN_UNGUARDED_AVAILABILITY = YES_AGGRESSIVE;
				CLANG_WARN_UNREACHABLE_CODE = YES;
				CLANG_WARN__DUPLICATE_METHOD_MATCH = YES;
				CODE_SIGN_IDENTITY = "iPhone Developer";
				COPY_PHASE_STRIP = NO;
				DEBUG_INFORMATION_FORMAT = dwarf;
				ENABLE_STRICT_OBJC_MSGSEND = YES;
				ENABLE_TESTABILITY = YES;
				GCC_C_LANGUAGE_STANDARD = gnu11;
				GCC_DYNAMIC_NO_PIC = NO;
				GCC_NO_COMMON_BLOCKS = YES;
				GCC_OPTIMIZATION_LEVEL = 0;
				GCC_PREPROCESSOR_DEFINITIONS = (
					"DEBUG=1",
					"$(inherited)",
				);
				GCC_WARN_64_TO_32_BIT_CONVERSION = YES;
				GCC_WARN_ABOUT_RETURN_TYPE = YES_ERROR;
				GCC_WARN_UNDECLARED_SELECTOR = YES;
				GCC_WARN_UNINITIALIZED_AUTOS = YES_AGGRESSIVE;
				GCC_WARN_UNUSED_FUNCTION = YES;
				GCC_WARN_UNUSED_VARIABLE = YES;
				IPHONEOS_DEPLOYMENT_TARGET = 11.3;
				MTL_ENABLE_DEBUG_INFO = YES;
				ONLY_ACTIVE_ARCH = YES;
				SDKROOT = iphoneos;
				SWIFT_ACTIVE_COMPILATION_CONDITIONS = DEBUG;
				SWIFT_OPTIMIZATION_LEVEL = "-Onone";
			};
			name = Debug;
		};
		25BC179120E36E1C00289263 /* Release */ = {
			isa = XCBuildConfiguration;
			buildSettings = {
				ALWAYS_SEARCH_USER_PATHS = NO;
				CLANG_ANALYZER_NONNULL = YES;
				CLANG_ANALYZER_NUMBER_OBJECT_CONVERSION = YES_AGGRESSIVE;
				CLANG_CXX_LANGUAGE_STANDARD = "gnu++14";
				CLANG_CXX_LIBRARY = "libc++";
				CLANG_ENABLE_MODULES = YES;
				CLANG_ENABLE_OBJC_ARC = YES;
				CLANG_ENABLE_OBJC_WEAK = YES;
				CLANG_WARN_BLOCK_CAPTURE_AUTORELEASING = YES;
				CLANG_WARN_BOOL_CONVERSION = YES;
				CLANG_WARN_COMMA = YES;
				CLANG_WARN_CONSTANT_CONVERSION = YES;
				CLANG_WARN_DEPRECATED_OBJC_IMPLEMENTATIONS = YES;
				CLANG_WARN_DIRECT_OBJC_ISA_USAGE = YES_ERROR;
				CLANG_WARN_DOCUMENTATION_COMMENTS = YES;
				CLANG_WARN_EMPTY_BODY = YES;
				CLANG_WARN_ENUM_CONVERSION = YES;
				CLANG_WARN_INFINITE_RECURSION = YES;
				CLANG_WARN_INT_CONVERSION = YES;
				CLANG_WARN_NON_LITERAL_NULL_CONVERSION = YES;
				CLANG_WARN_OBJC_IMPLICIT_RETAIN_SELF = YES;
				CLANG_WARN_OBJC_LITERAL_CONVERSION = YES;
				CLANG_WARN_OBJC_ROOT_CLASS = YES_ERROR;
				CLANG_WARN_RANGE_LOOP_ANALYSIS = YES;
				CLANG_WARN_STRICT_PROTOTYPES = YES;
				CLANG_WARN_SUSPICIOUS_MOVE = YES;
				CLANG_WARN_UNGUARDED_AVAILABILITY = YES_AGGRESSIVE;
				CLANG_WARN_UNREACHABLE_CODE = YES;
				CLANG_WARN__DUPLICATE_METHOD_MATCH = YES;
				CODE_SIGN_IDENTITY = "iPhone Developer";
				COPY_PHASE_STRIP = NO;
				DEBUG_INFORMATION_FORMAT = "dwarf-with-dsym";
				ENABLE_NS_ASSERTIONS = NO;
				ENABLE_STRICT_OBJC_MSGSEND = YES;
				GCC_C_LANGUAGE_STANDARD = gnu11;
				GCC_NO_COMMON_BLOCKS = YES;
				GCC_WARN_64_TO_32_BIT_CONVERSION = YES;
				GCC_WARN_ABOUT_RETURN_TYPE = YES_ERROR;
				GCC_WARN_UNDECLARED_SELECTOR = YES;
				GCC_WARN_UNINITIALIZED_AUTOS = YES_AGGRESSIVE;
				GCC_WARN_UNUSED_FUNCTION = YES;
				GCC_WARN_UNUSED_VARIABLE = YES;
				IPHONEOS_DEPLOYMENT_TARGET = 11.3;
				MTL_ENABLE_DEBUG_INFO = NO;
				SDKROOT = iphoneos;
				SWIFT_COMPILATION_MODE = wholemodule;
				SWIFT_OPTIMIZATION_LEVEL = "-O";
				VALIDATE_PRODUCT = YES;
			};
			name = Release;
		};
		25BC179320E36E1C00289263 /* Debug */ = {
			isa = XCBuildConfiguration;
			buildSettings = {
				ASSETCATALOG_COMPILER_APPICON_NAME = AppIcon;
				CODE_SIGN_STYLE = Automatic;
				INFOPLIST_FILE = CITest/Info.plist;
				LD_RUNPATH_SEARCH_PATHS = (
					"$(inherited)",
					"@executable_path/Frameworks",
				);
				PRODUCT_BUNDLE_IDENTIFIER = asda.CITest;
				PRODUCT_NAME = "$(TARGET_NAME)";
				SWIFT_VERSION = 4.0;
				TARGETED_DEVICE_FAMILY = "1,2";
			};
			name = Debug;
		};
		25BC179420E36E1C00289263 /* Release */ = {
			isa = XCBuildConfiguration;
			buildSettings = {
				ASSETCATALOG_COMPILER_APPICON_NAME = AppIcon;
				CODE_SIGN_STYLE = Automatic;
				INFOPLIST_FILE = CITest/Info.plist;
				LD_RUNPATH_SEARCH_PATHS = (
					"$(inherited)",
					"@executable_path/Frameworks",
				);
				PRODUCT_BUNDLE_IDENTIFIER = asda.CITest;
				PRODUCT_NAME = "$(TARGET_NAME)";
				SWIFT_VERSION = 4.0;
				TARGETED_DEVICE_FAMILY = "1,2";
			};
			name = Release;
		};
		25BC179620E36E1C00289263 /* Debug */ = {
			isa = XCBuildConfiguration;
			buildSettings = {
				ALWAYS_EMBED_SWIFT_STANDARD_LIBRARIES = YES;
				BUNDLE_LOADER = "$(TEST_HOST)";
				CODE_SIGN_STYLE = Automatic;
				INFOPLIST_FILE = CITestTests/Info.plist;
				LD_RUNPATH_SEARCH_PATHS = (
					"$(inherited)",
					"@executable_path/Frameworks",
					"@loader_path/Frameworks",
				);
				PRODUCT_BUNDLE_IDENTIFIER = asda.CITestTests;
				PRODUCT_NAME = "$(TARGET_NAME)";
				SWIFT_VERSION = 4.0;
				TARGETED_DEVICE_FAMILY = "1,2";
				TEST_HOST = "$(BUILT_PRODUCTS_DIR)/CITest.app/CITest";
			};
			name = Debug;
		};
		25BC179720E36E1C00289263 /* Release */ = {
			isa = XCBuildConfiguration;
			buildSettings = {
				ALWAYS_EMBED_SWIFT_STANDARD_LIBRARIES = YES;
				BUNDLE_LOADER = "$(TEST_HOST)";
				CODE_SIGN_STYLE = Automatic;
				INFOPLIST_FILE = CITestTests/Info.plist;
				LD_RUNPATH_SEARCH_PATHS = (
					"$(inherited)",
					"@executable_path/Frameworks",
					"@loader_path/Frameworks",
				);
				PRODUCT_BUNDLE_IDENTIFIER = asda.CITestTests;
				PRODUCT_NAME = "$(TARGET_NAME)";
				SWIFT_VERSION = 4.0;
				TARGETED_DEVICE_FAMILY = "1,2";
				TEST_HOST = "$(BUILT_PRODUCTS_DIR)/CITest.app/CITest";
			};
			name = Release;
		};
		25BC179920E36E1C00289263 /* Debug */ = {
			isa = XCBuildConfiguration;
			buildSettings = {
				ALWAYS_EMBED_SWIFT_STANDARD_LIBRARIES = YES;
				CODE_SIGN_STYLE = Automatic;
				INFOPLIST_FILE = CITestUITests/Info.plist;
				LD_RUNPATH_SEARCH_PATHS = (
					"$(inherited)",
					"@executable_path/Frameworks",
					"@loader_path/Frameworks",
				);
				PRODUCT_BUNDLE_IDENTIFIER = asda.CITestUITests;
				PRODUCT_NAME = "$(TARGET_NAME)";
				SWIFT_VERSION = 4.0;
				TARGETED_DEVICE_FAMILY = "1,2";
				TEST_TARGET_NAME = CITest;
			};
			name = Debug;
		};
		25BC179A20E36E1C00289263 /* Release */ = {
			isa = XCBuildConfiguration;
			buildSettings = {
				ALWAYS_EMBED_SWIFT_STANDARD_LIBRARIES = YES;
				CODE_SIGN_STYLE = Automatic;
				INFOPLIST_FILE = CITestUITests/Info.plist;
				LD_RUNPATH_SEARCH_PATHS = (
					"$(inherited)",
					"@executable_path/Frameworks",
					"@loader_path/Frameworks",
				);
				PRODUCT_BUNDLE_IDENTIFIER = asda.CITestUITests;
				PRODUCT_NAME = "$(TARGET_NAME)";
				SWIFT_VERSION = 4.0;
				TARGETED_DEVICE_FAMILY = "1,2";
				TEST_TARGET_NAME = CITest;
			};
			name = Release;
		};
/* End XCBuildConfiguration section */

/* Begin XCConfigurationList section */
		25BC176520E36E1900289263 /* Build configuration list for PBXProject "CITest" */ = {
			isa = XCConfigurationList;
			buildConfigurations = (
				25BC179020E36E1C00289263 /* Debug */,
				25BC179120E36E1C00289263 /* Release */,
			);
			defaultConfigurationIsVisible = 0;
			defaultConfigurationName = Release;
		};
		25BC179220E36E1C00289263 /* Build configuration list for PBXNativeTarget "CITest" */ = {
			isa = XCConfigurationList;
			buildConfigurations = (
				25BC179320E36E1C00289263 /* Debug */,
				25BC179420E36E1C00289263 /* Release */,
			);
			defaultConfigurationIsVisible = 0;
			defaultConfigurationName = Release;
		};
		25BC179520E36E1C00289263 /* Build configuration list for PBXNativeTarget "CITestTests" */ = {
			isa = XCConfigurationList;
			buildConfigurations = (
				25BC179620E36E1C00289263 /* Debug */,
				25BC179720E36E1C00289263 /* Release */,
			);
			defaultConfigurationIsVisible = 0;
			defaultConfigurationName = Release;
		};
		25BC179820E36E1C00289263 /* Build configuration list for PBXNativeTarget "CITestUITests" */ = {
			isa = XCConfigurationList;
			buildConfigurations = (
				25BC179920E36E1C00289263 /* Debug */,
				25BC179A20E36E1C00289263 /* Release */,
			);
			defaultConfigurationIsVisible = 0;
			defaultConfigurationName = Release;
		};
/* End XCConfigurationList section */
	};
	rootObject = 25BC176220E36E1900289263 /* Project object */;
}
